
Microsoft Visual Studio Solution File, Format Version 12.00
# Visual Studio 15
VisualStudioVersion = 15.0.27004.2006
MinimumVisualStudioVersion = 10.0.40219.1
Project("{FAE04EC0-301F-11D3-BF4B-00C04F79EFBC}") = "ConsoleApp1", "ConsoleApp1\ConsoleApp1.csproj", "{000CB345-9148-4222-AE63-EF4BFF1C8A14}"
EndProject
Global
	GlobalSection(SolutionConfigurationPlatforms) = preSolution
		Debug|Any CPU = Debug|Any CPU
		Release|Any CPU = Release|Any CPU
	EndGlobalSection
	GlobalSection(ProjectConfigurationPlatforms) = postSolution
		{000CB345-9148-4222-AE63-EF4BFF1C8A14}.Debug|Any CPU.ActiveCfg = Debug|Any CPU
		{000CB345-9148-4222-AE63-EF4BFF1C8A14}.Debug|Any CPU.Build.0 = Debug|Any CPU
		{000CB345-9148-4222-AE63-EF4BFF1C8A14}.Release|Any CPU.ActiveCfg = Release|Any CPU
		{000CB345-9148-4222-AE63-EF4BFF1C8A14}.Release|Any CPU.Build.0 = Release|Any CPU
	EndGlobalSection
	GlobalSection(SolutionProperties) = preSolution
		HideSolutionNode = FALSE
	EndGlobalSection
	GlobalSection(ExtensibilityGlobals) = postSolution
		SolutionGuid = {5C4526BD-860D-43BC-BA51-0A02B8E4A376}
	EndGlobalSection
EndGlobal
